{
  "requires": true,
  "lockfileVersion": 1,
  "dependencies": {
    "tmux": {
      "version": "1.0.0",
      "resolved": "https://registry.npmjs.org/tmux/-/tmux-1.0.0.tgz",
      "integrity": "sha512-56dqTkuDc7jtYKDnY5aoLk4G1NRQUEFsEAyW5rXatU8/mj7ixBYFErHlubMzotEmBF/FTSmLpOvTF5/imEUkqA=="
    }
  }
}
